// !$*UTF8*$!
{
	archiveVersion = 1;
	classes = {
	};
	objectVersion = 50;
	objects = {

/* Begin PBXBuildFile section */
		7A49544720ACA90F00CE9234 /* AppDelegate.swift in Sources */ = {isa = PBXBuildFile; fileRef = 7A49544620ACA90F00CE9234 /* AppDelegate.swift */; };
		7A49544A20ACA90F00CE9234 /* CoreDataTodo.xcdatamodeld in Sources */ = {isa = PBXBuildFile; fileRef = 7A49544820ACA90F00CE9234 /* CoreDataTodo.xcdatamodeld */; };
		7A49544C20ACA90F00CE9234 /* MasterViewController.swift in Sources */ = {isa = PBXBuildFile; fileRef = 7A49544B20ACA90F00CE9234 /* MasterViewController.swift */; };
		7A49544E20ACA90F00CE9234 /* DetailViewController.swift in Sources */ = {isa = PBXBuildFile; fileRef = 7A49544D20ACA90F00CE9234 /* DetailViewController.swift */; };
		7A49545120ACA90F00CE9234 /* Main.storyboard in Resources */ = {isa = PBXBuildFile; fileRef = 7A49544F20ACA90F00CE9234 /* Main.storyboard */; };
		7A49545320ACA91100CE9234 /* Assets.xcassets in Resources */ = {isa = PBXBuildFile; fileRef = 7A49545220ACA91100CE9234 /* Assets.xcassets */; };
		7A49545620ACA91100CE9234 /* LaunchScreen.storyboard in Resources */ = {isa = PBXBuildFile; fileRef = 7A49545420ACA91100CE9234 /* LaunchScreen.storyboard */; };
		B06EA30C5036897D5CB45213 /* Pods_CoreDataTodo.framework in Frameworks */ = {isa = PBXBuildFile; fileRef = 6DAF10423253BF821BE124DF /* Pods_CoreDataTodo.framework */; };
/* End PBXBuildFile section */

/* Begin PBXFileReference section */
		6DAF10423253BF821BE124DF /* Pods_CoreDataTodo.framework */ = {isa = PBXFileReference; explicitFileType = wrapper.framework; includeInIndex = 0; path = Pods_CoreDataTodo.framework; sourceTree = BUILT_PRODUCTS_DIR; };
		7A49544320ACA90F00CE9234 /* CoreDataTodo.app */ = {isa = PBXFileReference; explicitFileType = wrapper.application; includeInIndex = 0; path = CoreDataTodo.app; sourceTree = BUILT_PRODUCTS_DIR; };
		7A49544620ACA90F00CE9234 /* AppDelegate.swift */ = {isa = PBXFileReference; lastKnownFileType = sourcecode.swift; path = AppDelegate.swift; sourceTree = "<group>"; };
		7A49544920ACA90F00CE9234 /* CoreDataTodo.xcdatamodel */ = {isa = PBXFileReference; lastKnownFileType = wrapper.xcdatamodel; path = CoreDataTodo.xcdatamodel; sourceTree = "<group>"; };
		7A49544B20ACA90F00CE9234 /* MasterViewController.swift */ = {isa = PBXFileReference; lastKnownFileType = sourcecode.swift; path = MasterViewController.swift; sourceTree = "<group>"; };
		7A49544D20ACA90F00CE9234 /* DetailViewController.swift */ = {isa = PBXFileReference; lastKnownFileType = sourcecode.swift; path = DetailViewController.swift; sourceTree = "<group>"; };
		7A49545020ACA90F00CE9234 /* Base */ = {isa = PBXFileReference; lastKnownFileType = file.storyboard; name = Base; path = Base.lproj/Main.storyboard; sourceTree = "<group>"; };
		7A49545220ACA91100CE9234 /* Assets.xcassets */ = {isa = PBXFileReference; lastKnownFileType = folder.assetcatalog; path = Assets.xcassets; sourceTree = "<group>"; };
		7A49545520ACA91100CE9234 /* Base */ = {isa = PBXFileReference; lastKnownFileType = file.storyboard; name = Base; path = Base.lproj/LaunchScreen.storyboard; sourceTree = "<group>"; };
		7A49545720ACA91100CE9234 /* Info.plist */ = {isa = PBXFileReference; lastKnownFileType = text.plist.xml; path = Info.plist; sourceTree = "<group>"; };
		A1BC116FEE4651D3E6B874EC /* Pods-CoreDataTodo.debug.xcconfig */ = {isa = PBXFileReference; includeInIndex = 1; lastKnownFileType = text.xcconfig; name = "Pods-CoreDataTodo.debug.xcconfig"; path = "Pods/Target Support Files/Pods-CoreDataTodo/Pods-CoreDataTodo.debug.xcconfig"; sourceTree = "<group>"; };
		E4A8AFEE945D8511F628F61D /* Pods-CoreDataTodo.release.xcconfig */ = {isa = PBXFileReference; includeInIndex = 1; lastKnownFileType = text.xcconfig; name = "Pods-CoreDataTodo.release.xcconfig"; path = "Pods/Target Support Files/Pods-CoreDataTodo/Pods-CoreDataTodo.release.xcconfig"; sourceTree = "<group>"; };
/* End PBXFileReference section */

/* Begin PBXFrameworksBuildPhase section */
		7A49544020ACA90F00CE9234 /* Frameworks */ = {
			isa = PBXFrameworksBuildPhase;
			buildActionMask = 2147483647;
			files = (
				B06EA30C5036897D5CB45213 /* Pods_CoreDataTodo.framework in Frameworks */,
			);
			runOnlyForDeploymentPostprocessing = 0;
		};
/* End PBXFrameworksBuildPhase section */

/* Begin PBXGroup section */
		001A4CECC6CE0230FF0B7A5A /* Frameworks */ = {
			isa = PBXGroup;
			children = (
				6DAF10423253BF821BE124DF /* Pods_CoreDataTodo.framework */,
			);
			name = Frameworks;
			sourceTree = "<group>";
		};
		5173B6C61196AF446FFCDE10 /* Pods */ = {
			isa = PBXGroup;
			children = (
				A1BC116FEE4651D3E6B874EC /* Pods-CoreDataTodo.debug.xcconfig */,
				E4A8AFEE945D8511F628F61D /* Pods-CoreDataTodo.release.xcconfig */,
			);
			name = Pods;
			sourceTree = "<group>";
		};
		7A49543A20ACA90F00CE9234 = {
			isa = PBXGroup;
			children = (
				7A49544520ACA90F00CE9234 /* CoreDataTodo */,
				7A49544420ACA90F00CE9234 /* Products */,
				5173B6C61196AF446FFCDE10 /* Pods */,
				001A4CECC6CE0230FF0B7A5A /* Frameworks */,
			);
			sourceTree = "<group>";
		};
		7A49544420ACA90F00CE9234 /* Products */ = {
			isa = PBXGroup;
			children = (
				7A49544320ACA90F00CE9234 /* CoreDataTodo.app */,
			);
			name = Products;
			sourceTree = "<group>";
		};
		7A49544520ACA90F00CE9234 /* CoreDataTodo */ = {
			isa = PBXGroup;
			children = (
				7A49544620ACA90F00CE9234 /* AppDelegate.swift */,
				7A49544B20ACA90F00CE9234 /* MasterViewController.swift */,
				7A49544D20ACA90F00CE9234 /* DetailViewController.swift */,
				7A49544F20ACA90F00CE9234 /* Main.storyboard */,
				7A49545220ACA91100CE9234 /* Assets.xcassets */,
				7A49545420ACA91100CE9234 /* LaunchScreen.storyboard */,
				7A49545720ACA91100CE9234 /* Info.plist */,
				7A49544820ACA90F00CE9234 /* CoreDataTodo.xcdatamodeld */,
			);
			path = CoreDataTodo;
			sourceTree = "<group>";
		};
/* End PBXGroup section */

/* Begin PBXNativeTarget section */
		7A49544220ACA90F00CE9234 /* CoreDataTodo */ = {
			isa = PBXNativeTarget;
			buildConfigurationList = 7A49545A20ACA91100CE9234 /* Build configuration list for PBXNativeTarget "CoreDataTodo" */;
			buildPhases = (
				E2F83A4EEE8776B1AE3356AF /* [CP] Check Pods Manifest.lock */,
				7A49543F20ACA90F00CE9234 /* Sources */,
				7A49544020ACA90F00CE9234 /* Frameworks */,
				7A49544120ACA90F00CE9234 /* Resources */,
				0096D015C7EF84348562BF2F /* [CP] Embed Pods Frameworks */,
			);
			buildRules = (
			);
			dependencies = (
			);
			name = CoreDataTodo;
			productName = CoreDataTodo;
			productReference = 7A49544320ACA90F00CE9234 /* CoreDataTodo.app */;
			productType = "com.apple.product-type.application";
		};
/* End PBXNativeTarget section */

/* Begin PBXProject section */
		7A49543B20ACA90F00CE9234 /* Project object */ = {
			isa = PBXProject;
			attributes = {
				LastSwiftUpdateCheck = 0930;
				LastUpgradeCheck = 0930;
				ORGANIZATIONNAME = "Brian Vo";
				TargetAttributes = {
					7A49544220ACA90F00CE9234 = {
						CreatedOnToolsVersion = 9.3;
					};
				};
			};
			buildConfigurationList = 7A49543E20ACA90F00CE9234 /* Build configuration list for PBXProject "CoreDataTodo" */;
			compatibilityVersion = "Xcode 9.3";
			developmentRegion = en;
			hasScannedForEncodings = 0;
			knownRegions = (
				en,
				Base,
			);
			mainGroup = 7A49543A20ACA90F00CE9234;
			productRefGroup = 7A49544420ACA90F00CE9234 /* Products */;
			projectDirPath = "";
			projectRoot = "";
			targets = (
				7A49544220ACA90F00CE9234 /* CoreDataTodo */,
			);
		};
/* End PBXProject section */

/* Begin PBXResourcesBuildPhase section */
		7A49544120ACA90F00CE9234 /* Resources */ = {
			isa = PBXResourcesBuildPhase;
			buildActionMask = 2147483647;
			files = (
				7A49545620ACA91100CE9234 /* LaunchScreen.storyboard in Resources */,
				7A49545320ACA91100CE9234 /* Assets.xcassets in Resources */,
				7A49545120ACA90F00CE9234 /* Main.storyboard in Resources */,
			);
			runOnlyForDeploymentPostprocessing = 0;
		};
/* End PBXResourcesBuildPhase section */

/* Begin PBXShellScriptBuildPhase section */
		0096D015C7EF84348562BF2F /* [CP] Embed Pods Frameworks */ = {
			isa = PBXShellScriptBuildPhase;
			buildActionMask = 2147483647;
			files = (
			);
			inputPaths = (
				"${SRCROOT}/Pods/Target Support Files/Pods-CoreDataTodo/Pods-CoreDataTodo-frameworks.sh",
				"${BUILT_PRODUCTS_DIR}/SAMKeychain/SAMKeychain.framework",
			);
			name = "[CP] Embed Pods Frameworks";
			outputPaths = (
				"${TARGET_BUILD_DIR}/${FRAMEWORKS_FOLDER_PATH}/SAMKeychain.framework",
			);
			runOnlyForDeploymentPostprocessing = 0;
			shellPath = /bin/sh;
			shellScript = "\"${SRCROOT}/Pods/Target Support Files/Pods-CoreDataTodo/Pods-CoreDataTodo-frameworks.sh\"\n";
			showEnvVarsInLog = 0;
		};
		E2F83A4EEE8776B1AE3356AF /* [CP] Check Pods Manifest.lock */ = {
			isa = PBXShellScriptBuildPhase;
			buildActionMask = 2147483647;
			files = (
			);
			inputPaths = (
				"${PODS_PODFILE_DIR_PATH}/Podfile.lock",
				"${PODS_ROOT}/Manifest.lock",
			);
			name = "[CP] Check Pods Manifest.lock";
			outputPaths = (
				"$(DERIVED_FILE_DIR)/Pods-CoreDataTodo-checkManifestLockResult.txt",
			);
			runOnlyForDeploymentPostprocessing = 0;
			shellPath = /bin/sh;
			shellScript = "diff \"${PODS_PODFILE_DIR_PATH}/Podfile.lock\" \"${PODS_ROOT}/Manifest.lock\" > /dev/null\nif [ $? != 0 ] ; then\n    # print error to STDERR\n    echo \"error: The sandbox is not in sync with the Podfile.lock. Run 'pod install' or update your CocoaPods installation.\" >&2\n    exit 1\nfi\n# This output is used by Xcode 'outputs' to avoid re-running this script phase.\necho \"SUCCESS\" > \"${SCRIPT_OUTPUT_FILE_0}\"\n";
			showEnvVarsInLog = 0;
		};
/* End PBXShellScriptBuildPhase section */

/* Begin PBXSourcesBuildPhase section */
		7A49543F20ACA90F00CE9234 /* Sources */ = {
			isa = PBXSourcesBuildPhase;
			buildActionMask = 2147483647;
			files = (
				7A49544A20ACA90F00CE9234 /* CoreDataTodo.xcdatamodeld in Sources */,
				7A49544720ACA90F00CE9234 /* AppDelegate.swift in Sources */,
				7A49544C20ACA90F00CE9234 /* MasterViewController.swift in Sources */,
				7A49544E20ACA90F00CE9234 /* DetailViewController.swift in Sources */,
			);
			runOnlyForDeploymentPostprocessing = 0;
		};
/* End PBXSourcesBuildPhase section */

/* Begin PBXVariantGroup section */
		7A49544F20ACA90F00CE9234 /* Main.storyboard */ = {
			isa = PBXVariantGroup;
			children = (
				7A49545020ACA90F00CE9234 /* Base */,
			);
			name = Main.storyboard;
			sourceTree = "<group>";
		};
		7A49545420ACA91100CE9234 /* LaunchScreen.storyboard */ = {
			isa = PBXVariantGroup;
			children = (
				7A49545520ACA91100CE9234 /* Base */,
			);
			name = LaunchScreen.storyboard;
			sourceTree = "<group>";
		};
/* End PBXVariantGroup section */

/* Begin XCBuildConfiguration section */
		7A49545820ACA91100CE9234 /* Debug */ = {
			isa = XCBuildConfiguration;
			buildSettings = {
				ALWAYS_SEARCH_USER_PATHS = NO;
				CLANG_ANALYZER_NONNULL = YES;
				CLANG_ANALYZER_NUMBER_OBJECT_CONVERSION = YES_AGGRESSIVE;
				CLANG_CXX_LANGUAGE_STANDARD = "gnu++14";
				CLANG_CXX_LIBRARY = "libc++";
				CLANG_ENABLE_MODULES = YES;
				CLANG_ENABLE_OBJC_ARC = YES;
				CLANG_ENABLE_OBJC_WEAK = YES;
				CLANG_WARN_BLOCK_CAPTURE_AUTORELEASING = YES;
				CLANG_WARN_BOOL_CONVERSION = YES;
				CLANG_WARN_COMMA = YES;
				CLANG_WARN_CONSTANT_CONVERSION = YES;
				CLANG_WARN_DEPRECATED_OBJC_IMPLEMENTATIONS = YES;
				CLANG_WARN_DIRECT_OBJC_ISA_USAGE = YES_ERROR;
				CLANG_WARN_DOCUMENTATION_COMMENTS = YES;
				CLANG_WARN_EMPTY_BODY = YES;
				CLANG_WARN_ENUM_CONVERSION = YES;
				CLANG_WARN_INFINITE_RECURSION = YES;
				CLANG_WARN_INT_CONVERSION = YES;
				CLANG_WARN_NON_LITERAL_NULL_CONVERSION = YES;
				CLANG_WARN_OBJC_IMPLICIT_RETAIN_SELF = YES;
				CLANG_WARN_OBJC_LITERAL_CONVERSION = YES;
				CLANG_WARN_OBJC_ROOT_CLASS = YES_ERROR;
				CLANG_WARN_RANGE_LOOP_ANALYSIS = YES;
				CLANG_WARN_STRICT_PROTOTYPES = YES;
				CLANG_WARN_SUSPICIOUS_MOVE = YES;
				CLANG_WARN_UNGUARDED_AVAILABILITY = YES_AGGRESSIVE;
				CLANG_WARN_UNREACHABLE_CODE = YES;
				CLANG_WARN__DUPLICATE_METHOD_MATCH = YES;
				CODE_SIGN_IDENTITY = "iPhone Developer";
				COPY_PHASE_STRIP = NO;
				DEBUG_INFORMATION_FORMAT = dwarf;
				ENABLE_STRICT_OBJC_MSGSEND = YES;
				ENABLE_TESTABILITY = YES;
				GCC_C_LANGUAGE_STANDARD = gnu11;
				GCC_DYNAMIC_NO_PIC = NO;
				GCC_NO_COMMON_BLOCKS = YES;
				GCC_OPTIMIZATION_LEVEL = 0;
				GCC_PREPROCESSOR_DEFINITIONS = (
					"DEBUG=1",
					"$(inherited)",
				);
				GCC_WARN_64_TO_32_BIT_CONVERSION = YES;
				GCC_WARN_ABOUT_RETURN_TYPE = YES_ERROR;
				GCC_WARN_UNDECLARED_SELECTOR = YES;
				GCC_WARN_UNINITIALIZED_AUTOS = YES_AGGRESSIVE;
				GCC_WARN_UNUSED_FUNCTION = YES;
				GCC_WARN_UNUSED_VARIABLE = YES;
				IPHONEOS_DEPLOYMENT_TARGET = 11.3;
				MTL_ENABLE_DEBUG_INFO = YES;
				ONLY_ACTIVE_ARCH = YES;
				SDKROOT = iphoneos;
				SWIFT_ACTIVE_COMPILATION_CONDITIONS = DEBUG;
				SWIFT_OPTIMIZATION_LEVEL = "-Onone";
			};
			name = Debug;
		};
		7A49545920ACA91100CE9234 /* Release */ = {
			isa = XCBuildConfiguration;
			buildSettings = {
				ALWAYS_SEARCH_USER_PATHS = NO;
				CLANG_ANALYZER_NONNULL = YES;
				CLANG_ANALYZER_NUMBER_OBJECT_CONVERSION = YES_AGGRESSIVE;
				CLANG_CXX_LANGUAGE_STANDARD = "gnu++14";
				CLANG_CXX_LIBRARY = "libc++";
				CLANG_ENABLE_MODULES = YES;
				CLANG_ENABLE_OBJC_ARC = YES;
				CLANG_ENABLE_OBJC_WEAK = YES;
				CLANG_WARN_BLOCK_CAPTURE_AUTORELEASING = YES;
				CLANG_WARN_BOOL_CONVERSION = YES;
				CLANG_WARN_COMMA = YES;
				CLANG_WARN_CONSTANT_CONVERSION = YES;
				CLANG_WARN_DEPRECATED_OBJC_IMPLEMENTATIONS = YES;
				CLANG_WARN_DIRECT_OBJC_ISA_USAGE = YES_ERROR;
				CLANG_WARN_DOCUMENTATION_COMMENTS = YES;
				CLANG_WARN_EMPTY_BODY = YES;
				CLANG_WARN_ENUM_CONVERSION = YES;
				CLANG_WARN_INFINITE_RECURSION = YES;
				CLANG_WARN_INT_CONVERSION = YES;
				CLANG_WARN_NON_LITERAL_NULL_CONVERSION = YES;
				CLANG_WARN_OBJC_IMPLICIT_RETAIN_SELF = YES;
				CLANG_WARN_OBJC_LITERAL_CONVERSION = YES;
				CLANG_WARN_OBJC_ROOT_CLASS = YES_ERROR;
				CLANG_WARN_RANGE_LOOP_ANALYSIS = YES;
				CLANG_WARN_STRICT_PROTOTYPES = YES;
				CLANG_WARN_SUSPICIOUS_MOVE = YES;
				CLANG_WARN_UNGUARDED_AVAILABILITY = YES_AGGRESSIVE;
				CLANG_WARN_UNREACHABLE_CODE = YES;
				CLANG_WARN__DUPLICATE_METHOD_MATCH = YES;
				CODE_SIGN_IDENTITY = "iPhone Developer";
				COPY_PHASE_STRIP = NO;
				DEBUG_INFORMATION_FORMAT = "dwarf-with-dsym";
				ENABLE_NS_ASSERTIONS = NO;
				ENABLE_STRICT_OBJC_MSGSEND = YES;
				GCC_C_LANGUAGE_STANDARD = gnu11;
				GCC_NO_COMMON_BLOCKS = YES;
				GCC_WARN_64_TO_32_BIT_CONVERSION = YES;
				GCC_WARN_ABOUT_RETURN_TYPE = YES_ERROR;
				GCC_WARN_UNDECLARED_SELECTOR = YES;
				GCC_WARN_UNINITIALIZED_AUTOS = YES_AGGRESSIVE;
				GCC_WARN_UNUSED_FUNCTION = YES;
				GCC_WARN_UNUSED_VARIABLE = YES;
				IPHONEOS_DEPLOYMENT_TARGET = 11.3;
				MTL_ENABLE_DEBUG_INFO = NO;
				SDKROOT = iphoneos;
				SWIFT_COMPILATION_MODE = wholemodule;
				SWIFT_OPTIMIZATION_LEVEL = "-O";
				VALIDATE_PRODUCT = YES;
			};
			name = Release;
		};
		7A49545B20ACA91100CE9234 /* Debug */ = {
			isa = XCBuildConfiguration;
			baseConfigurationReference = A1BC116FEE4651D3E6B874EC /* Pods-CoreDataTodo.debug.xcconfig */;
			buildSettings = {
				ASSETCATALOG_COMPILER_APPICON_NAME = AppIcon;
				CODE_SIGN_STYLE = Automatic;
				INFOPLIST_FILE = CoreDataTodo/Info.plist;
				LD_RUNPATH_SEARCH_PATHS = "$(inherited) @executable_path/Frameworks";
				PRODUCT_BUNDLE_IDENTIFIER = com.bvo.CoreDataTodo;
				PRODUCT_NAME = "$(TARGET_NAME)";
				SWIFT_VERSION = 4.0;
				TARGETED_DEVICE_FAMILY = "1,2";
			};
			name = Debug;
		};
		7A49545C20ACA91100CE9234 /* Release */ = {
			isa = XCBuildConfiguration;
			baseConfigurationReference = E4A8AFEE945D8511F628F61D /* Pods-CoreDataTodo.release.xcconfig */;
			buildSettings = {
				ASSETCATALOG_COMPILER_APPICON_NAME = AppIcon;
				CODE_SIGN_STYLE = Automatic;
				INFOPLIST_FILE = CoreDataTodo/Info.plist;
				LD_RUNPATH_SEARCH_PATHS = "$(inherited) @executable_path/Frameworks";
				PRODUCT_BUNDLE_IDENTIFIER = com.bvo.CoreDataTodo;
				PRODUCT_NAME = "$(TARGET_NAME)";
				SWIFT_VERSION = 4.0;
				TARGETED_DEVICE_FAMILY = "1,2";
			};
			name = Release;
		};
/* End XCBuildConfiguration section */

/* Begin XCConfigurationList section */
		7A49543E20ACA90F00CE9234 /* Build configuration list for PBXProject "CoreDataTodo" */ = {
			isa = XCConfigurationList;
			buildConfigurations = (
				7A49545820ACA91100CE9234 /* Debug */,
				7A49545920ACA91100CE9234 /* Release */,
			);
			defaultConfigurationIsVisible = 0;
			defaultConfigurationName = Release;
		};
		7A49545A20ACA91100CE9234 /* Build configuration list for PBXNativeTarget "CoreDataTodo" */ = {
			isa = XCConfigurationList;
			buildConfigurations = (
				7A49545B20ACA91100CE9234 /* Debug */,
				7A49545C20ACA91100CE9234 /* Release */,
			);
			defaultConfigurationIsVisible = 0;
			defaultConfigurationName = Release;
		};
/* End XCConfigurationList section */

/* Begin XCVersionGroup section */
		7A49544820ACA90F00CE9234 /* CoreDataTodo.xcdatamodeld */ = {
			isa = XCVersionGroup;
			children = (
				7A49544920ACA90F00CE9234 /* CoreDataTodo.xcdatamodel */,
			);
			currentVersion = 7A49544920ACA90F00CE9234 /* CoreDataTodo.xcdatamodel */;
			path = CoreDataTodo.xcdatamodeld;
			sourceTree = "<group>";
			versionGroupType = wrapper.xcdatamodel;
		};
/* End XCVersionGroup section */
	};
	rootObject = 7A49543B20ACA90F00CE9234 /* Project object */;
}
